
Microsoft Visual Studio Solution File, Format Version 12.00
# Visual Studio Version 17
VisualStudioVersion = 17.11.35327.3
MinimumVisualStudioVersion = 10.0.40219.1
Project("{8BC9CEB8-8B4A-11D0-8D11-00A0C91BC942}") = "treePractice", "treePractice\treePractice.vcxproj", "{1306A93D-F703-4A4E-A711-F45AD028903F}"
EndProject
Global
	GlobalSection(SolutionConfigurationPlatforms) = preSolution
		Debug|x64 = Debug|x64
		Debug|x86 = Debug|x86
		Release|x64 = Release|x64
		Release|x86 = Release|x86
	EndGlobalSection
	GlobalSection(ProjectConfigurationPlatforms) = postSolution
		{1306A93D-F703-4A4E-A711-F45AD028903F}.Debug|x64.ActiveCfg = Debug|x64
		{1306A93D-F703-4A4E-A711-F45AD028903F}.Debug|x64.Build.0 = Debug|x64
		{1306A93D-F703-4A4E-A711-F45AD028903F}.Debug|x86.ActiveCfg = Debug|Win32
		{1306A93D-F703-4A4E-A711-F45AD028903F}.Debug|x86.Build.0 = Debug|Win32
		{1306A93D-F703-4A4E-A711-F45AD028903F}.Release|x64.ActiveCfg = Release|x64
		{1306A93D-F703-4A4E-A711-F45AD028903F}.Release|x64.Build.0 = Release|x64
		{1306A93D-F703-4A4E-A711-F45AD028903F}.Release|x86.ActiveCfg = Release|Win32
		{1306A93D-F703-4A4E-A711-F45AD028903F}.Release|x86.Build.0 = Release|Win32
	EndGlobalSection
	GlobalSection(SolutionProperties) = preSolution
		HideSolutionNode = FALSE
	EndGlobalSection
	GlobalSection(ExtensibilityGlobals) = postSolution
		SolutionGuid = {5C70E2E9-B619-4BDA-B11B-4305EA7E0D3B}
	EndGlobalSection
EndGlobal
